
Microsoft Visual Studio Solution File, Format Version 12.00
# Visual Studio Version 17
VisualStudioVersion = 17.0.31912.275
MinimumVisualStudioVersion = 10.0.40219.1
Project("{FAE04EC0-301F-11D3-BF4B-00C04F79EFBC}") = "BlazoreapdeployementDemo", "BlazoreapdeployementDemo.csproj", "{DC4B0A2D-05D5-4A1B-8847-F0150B42A61D}"
EndProject
Global
	GlobalSection(SolutionConfigurationPlatforms) = preSolution
		Debug|Any CPU = Debug|Any CPU
		Release|Any CPU = Release|Any CPU
	EndGlobalSection
	GlobalSection(ProjectConfigurationPlatforms) = postSolution
		{DC4B0A2D-05D5-4A1B-8847-F0150B42A61D}.Debug|Any CPU.ActiveCfg = Debug|Any CPU
		{DC4B0A2D-05D5-4A1B-8847-F0150B42A61D}.Debug|Any CPU.Build.0 = Debug|Any CPU
		{DC4B0A2D-05D5-4A1B-8847-F0150B42A61D}.Release|Any CPU.ActiveCfg = Release|Any CPU
		{DC4B0A2D-05D5-4A1B-8847-F0150B42A61D}.Release|Any CPU.Build.0 = Release|Any CPU
	EndGlobalSection
	GlobalSection(SolutionProperties) = preSolution
		HideSolutionNode = FALSE
	EndGlobalSection
	GlobalSection(ExtensibilityGlobals) = postSolution
		SolutionGuid = {4C4F06D1-31C0-46A4-BB4A-5D0D77CD6A27}
	EndGlobalSection
EndGlobal
